// !$*UTF8*$!
{
	archiveVersion = 1;
	classes = {
	};
	objectVersion = 46;
	objects = {

/* Begin PBXBuildFile section */
		A4DD84FD1BE0C21A00ED8616 /* main.m in Sources */ = {isa = PBXBuildFile; fileRef = A4DD84FC1BE0C21A00ED8616 /* main.m */; };
		A4DD85001BE0C21A00ED8616 /* AppDelegate.m in Sources */ = {isa = PBXBuildFile; fileRef = A4DD84FF1BE0C21A00ED8616 /* AppDelegate.m */; };
		A4DD85031BE0C21A00ED8616 /* ViewController.m in Sources */ = {isa = PBXBuildFile; fileRef = A4DD85021BE0C21A00ED8616 /* ViewController.m */; };
		A4DD85061BE0C21A00ED8616 /* Main.storyboard in Resources */ = {isa = PBXBuildFile; fileRef = A4DD85041BE0C21A00ED8616 /* Main.storyboard */; };
		A4DD85081BE0C21A00ED8616 /* Assets.xcassets in Resources */ = {isa = PBXBuildFile; fileRef = A4DD85071BE0C21A00ED8616 /* Assets.xcassets */; };
		A4DD850B1BE0C21A00ED8616 /* LaunchScreen.storyboard in Resources */ = {isa = PBXBuildFile; fileRef = A4DD85091BE0C21A00ED8616 /* LaunchScreen.storyboard */; };
		A4DD85131BE0C25800ED8616 /* StoreKit.framework in Frameworks */ = {isa = PBXBuildFile; fileRef = A4DD85121BE0C25800ED8616 /* StoreKit.framework */; };
/* End PBXBuildFile section */

/* Begin PBXFileReference section */
		A4DD84F81BE0C21A00ED8616 /* UsingStoreProduct.app */ = {isa = PBXFileReference; explicitFileType = wrapper.application; includeInIndex = 0; path = UsingStoreProduct.app; sourceTree = BUILT_PRODUCTS_DIR; };
		A4DD84FC1BE0C21A00ED8616 /* main.m */ = {isa = PBXFileReference; lastKnownFileType = sourcecode.c.objc; path = main.m; sourceTree = "<group>"; };
		A4DD84FE1BE0C21A00ED8616 /* AppDelegate.h */ = {isa = PBXFileReference; lastKnownFileType = sourcecode.c.h; path = AppDelegate.h; sourceTree = "<group>"; };
		A4DD84FF1BE0C21A00ED8616 /* AppDelegate.m */ = {isa = PBXFileReference; lastKnownFileType = sourcecode.c.objc; path = AppDelegate.m; sourceTree = "<group>"; };
		A4DD85011BE0C21A00ED8616 /* ViewController.h */ = {isa = PBXFileReference; lastKnownFileType = sourcecode.c.h; path = ViewController.h; sourceTree = "<group>"; };
		A4DD85021BE0C21A00ED8616 /* ViewController.m */ = {isa = PBXFileReference; lastKnownFileType = sourcecode.c.objc; path = ViewController.m; sourceTree = "<group>"; };
		A4DD85051BE0C21A00ED8616 /* Base */ = {isa = PBXFileReference; lastKnownFileType = file.storyboard; name = Base; path = Base.lproj/Main.storyboard; sourceTree = "<group>"; };
		A4DD85071BE0C21A00ED8616 /* Assets.xcassets */ = {isa = PBXFileReference; lastKnownFileType = folder.assetcatalog; path = Assets.xcassets; sourceTree = "<group>"; };
		A4DD850A1BE0C21A00ED8616 /* Base */ = {isa = PBXFileReference; lastKnownFileType = file.storyboard; name = Base; path = Base.lproj/LaunchScreen.storyboard; sourceTree = "<group>"; };
		A4DD850C1BE0C21A00ED8616 /* Info.plist */ = {isa = PBXFileReference; lastKnownFileType = text.plist.xml; path = Info.plist; sourceTree = "<group>"; };
		A4DD85121BE0C25800ED8616 /* StoreKit.framework */ = {isa = PBXFileReference; lastKnownFileType = wrapper.framework; name = StoreKit.framework; path = System/Library/Frameworks/StoreKit.framework; sourceTree = SDKROOT; };
/* End PBXFileReference section */

/* Begin PBXFrameworksBuildPhase section */
		A4DD84F51BE0C21A00ED8616 /* Frameworks */ = {
			isa = PBXFrameworksBuildPhase;
			buildActionMask = 2147483647;
			files = (
				A4DD85131BE0C25800ED8616 /* StoreKit.framework in Frameworks */,
			);
			runOnlyForDeploymentPostprocessing = 0;
		};
/* End PBXFrameworksBuildPhase section */

/* Begin PBXGroup section */
		A4DD84EF1BE0C21A00ED8616 = {
			isa = PBXGroup;
			children = (
				A4DD84FA1BE0C21A00ED8616 /* UsingStoreProduct */,
				A4DD84F91BE0C21A00ED8616 /* Products */,
			);
			sourceTree = "<group>";
		};
		A4DD84F91BE0C21A00ED8616 /* Products */ = {
			isa = PBXGroup;
			children = (
				A4DD84F81BE0C21A00ED8616 /* UsingStoreProduct.app */,
			);
			name = Products;
			sourceTree = "<group>";
		};
		A4DD84FA1BE0C21A00ED8616 /* UsingStoreProduct */ = {
			isa = PBXGroup;
			children = (
				A4DD84FE1BE0C21A00ED8616 /* AppDelegate.h */,
				A4DD84FF1BE0C21A00ED8616 /* AppDelegate.m */,
				A4DD85011BE0C21A00ED8616 /* ViewController.h */,
				A4DD85021BE0C21A00ED8616 /* ViewController.m */,
				A4DD85041BE0C21A00ED8616 /* Main.storyboard */,
				A4DD85071BE0C21A00ED8616 /* Assets.xcassets */,
				A4DD85091BE0C21A00ED8616 /* LaunchScreen.storyboard */,
				A4DD850C1BE0C21A00ED8616 /* Info.plist */,
				A4DD84FB1BE0C21A00ED8616 /* Supporting Files */,
			);
			path = UsingStoreProduct;
			sourceTree = "<group>";
		};
		A4DD84FB1BE0C21A00ED8616 /* Supporting Files */ = {
			isa = PBXGroup;
			children = (
				A4DD85121BE0C25800ED8616 /* StoreKit.framework */,
				A4DD84FC1BE0C21A00ED8616 /* main.m */,
			);
			name = "Supporting Files";
			sourceTree = "<group>";
		};
/* End PBXGroup section */

/* Begin PBXNativeTarget section */
		A4DD84F71BE0C21A00ED8616 /* UsingStoreProduct */ = {
			isa = PBXNativeTarget;
			buildConfigurationList = A4DD850F1BE0C21A00ED8616 /* Build configuration list for PBXNativeTarget "UsingStoreProduct" */;
			buildPhases = (
				A4DD84F41BE0C21A00ED8616 /* Sources */,
				A4DD84F51BE0C21A00ED8616 /* Frameworks */,
				A4DD84F61BE0C21A00ED8616 /* Resources */,
			);
			buildRules = (
			);
			dependencies = (
			);
			name = UsingStoreProduct;
			productName = UsingStoreProduct;
			productReference = A4DD84F81BE0C21A00ED8616 /* UsingStoreProduct.app */;
			productType = "com.apple.product-type.application";
		};
/* End PBXNativeTarget section */

/* Begin PBXProject section */
		A4DD84F01BE0C21A00ED8616 /* Project object */ = {
			isa = PBXProject;
			attributes = {
				LastUpgradeCheck = 0710;
				ORGANIZATIONNAME = pandazheng;
				TargetAttributes = {
					A4DD84F71BE0C21A00ED8616 = {
						CreatedOnToolsVersion = 7.1;
						DevelopmentTeam = ASDA7CCCJR;
					};
				};
			};
			buildConfigurationList = A4DD84F31BE0C21A00ED8616 /* Build configuration list for PBXProject "UsingStoreProduct" */;
			compatibilityVersion = "Xcode 3.2";
			developmentRegion = English;
			hasScannedForEncodings = 0;
			knownRegions = (
				en,
				Base,
			);
			mainGroup = A4DD84EF1BE0C21A00ED8616;
			productRefGroup = A4DD84F91BE0C21A00ED8616 /* Products */;
			projectDirPath = "";
			projectRoot = "";
			targets = (
				A4DD84F71BE0C21A00ED8616 /* UsingStoreProduct */,
			);
		};
/* End PBXProject section */

/* Begin PBXResourcesBuildPhase section */
		A4DD84F61BE0C21A00ED8616 /* Resources */ = {
			isa = PBXResourcesBuildPhase;
			buildActionMask = 2147483647;
			files = (
				A4DD850B1BE0C21A00ED8616 /* LaunchScreen.storyboard in Resources */,
				A4DD85081BE0C21A00ED8616 /* Assets.xcassets in Resources */,
				A4DD85061BE0C21A00ED8616 /* Main.storyboard in Resources */,
			);
			runOnlyForDeploymentPostprocessing = 0;
		};
/* End PBXResourcesBuildPhase section */

/* Begin PBXSourcesBuildPhase section */
		A4DD84F41BE0C21A00ED8616 /* Sources */ = {
			isa = PBXSourcesBuildPhase;
			buildActionMask = 2147483647;
			files = (
				A4DD85031BE0C21A00ED8616 /* ViewController.m in Sources */,
				A4DD85001BE0C21A00ED8616 /* AppDelegate.m in Sources */,
				A4DD84FD1BE0C21A00ED8616 /* main.m in Sources */,
			);
			runOnlyForDeploymentPostprocessing = 0;
		};
/* End PBXSourcesBuildPhase section */

/* Begin PBXVariantGroup section */
		A4DD85041BE0C21A00ED8616 /* Main.storyboard */ = {
			isa = PBXVariantGroup;
			children = (
				A4DD85051BE0C21A00ED8616 /* Base */,
			);
			name = Main.storyboard;
			sourceTree = "<group>";
		};
		A4DD85091BE0C21A00ED8616 /* LaunchScreen.storyboard */ = {
			isa = PBXVariantGroup;
			children = (
				A4DD850A1BE0C21A00ED8616 /* Base */,
			);
			name = LaunchScreen.storyboard;
			sourceTree = "<group>";
		};
/* End PBXVariantGroup section */

/* Begin XCBuildConfiguration section */
		A4DD850D1BE0C21A00ED8616 /* Debug */ = {
			isa = XCBuildConfiguration;
			buildSettings = {
				ALWAYS_SEARCH_USER_PATHS = NO;
				CLANG_CXX_LANGUAGE_STANDARD = "gnu++0x";
				CLANG_CXX_LIBRARY = "libc++";
				CLANG_ENABLE_MODULES = YES;
				CLANG_ENABLE_OBJC_ARC = YES;
				CLANG_WARN_BOOL_CONVERSION = YES;
				CLANG_WARN_CONSTANT_CONVERSION = YES;
				CLANG_WARN_DIRECT_OBJC_ISA_USAGE = YES_ERROR;
				CLANG_WARN_EMPTY_BODY = YES;
				CLANG_WARN_ENUM_CONVERSION = YES;
				CLANG_WARN_INT_CONVERSION = YES;
				CLANG_WARN_OBJC_ROOT_CLASS = YES_ERROR;
				CLANG_WARN_UNREACHABLE_CODE = YES;
				CLANG_WARN__DUPLICATE_METHOD_MATCH = YES;
				"CODE_SIGN_IDENTITY[sdk=iphoneos*]" = "iPhone Developer";
				COPY_PHASE_STRIP = NO;
				DEBUG_INFORMATION_FORMAT = dwarf;
				ENABLE_STRICT_OBJC_MSGSEND = YES;
				ENABLE_TESTABILITY = YES;
				GCC_C_LANGUAGE_STANDARD = gnu99;
				GCC_DYNAMIC_NO_PIC = NO;
				GCC_NO_COMMON_BLOCKS = YES;
				GCC_OPTIMIZATION_LEVEL = 0;
				GCC_PREPROCESSOR_DEFINITIONS = (
					"DEBUG=1",
					"$(inherited)",
				);
				GCC_WARN_64_TO_32_BIT_CONVERSION = YES;
				GCC_WARN_ABOUT_RETURN_TYPE = YES_ERROR;
				GCC_WARN_UNDECLARED_SELECTOR = YES;
				GCC_WARN_UNINITIALIZED_AUTOS = YES_AGGRESSIVE;
				GCC_WARN_UNUSED_FUNCTION = YES;
				GCC_WARN_UNUSED_VARIABLE = YES;
				IPHONEOS_DEPLOYMENT_TARGET = 9.1;
				MTL_ENABLE_DEBUG_INFO = YES;
				ONLY_ACTIVE_ARCH = YES;
				SDKROOT = iphoneos;
				TARGETED_DEVICE_FAMILY = "1,2";
			};
			name = Debug;
		};
		A4DD850E1BE0C21A00ED8616 /* Release */ = {
			isa = XCBuildConfiguration;
			buildSettings = {
				ALWAYS_SEARCH_USER_PATHS = NO;
				CLANG_CXX_LANGUAGE_STANDARD = "gnu++0x";
				CLANG_CXX_LIBRARY = "libc++";
				CLANG_ENABLE_MODULES = YES;
				CLANG_ENABLE_OBJC_ARC = YES;
				CLANG_WARN_BOOL_CONVERSION = YES;
				CLANG_WARN_CONSTANT_CONVERSION = YES;
				CLANG_WARN_DIRECT_OBJC_ISA_USAGE = YES_ERROR;
				CLANG_WARN_EMPTY_BODY = YES;
				CLANG_WARN_ENUM_CONVERSION = YES;
				CLANG_WARN_INT_CONVERSION = YES;
				CLANG_WARN_OBJC_ROOT_CLASS = YES_ERROR;
				CLANG_WARN_UNREACHABLE_CODE = YES;
				CLANG_WARN__DUPLICATE_METHOD_MATCH = YES;
				"CODE_SIGN_IDENTITY[sdk=iphoneos*]" = "iPhone Developer";
				COPY_PHASE_STRIP = NO;
				DEBUG_INFORMATION_FORMAT = "dwarf-with-dsym";
				ENABLE_NS_ASSERTIONS = NO;
				ENABLE_STRICT_OBJC_MSGSEND = YES;
				GCC_C_LANGUAGE_STANDARD = gnu99;
				GCC_NO_COMMON_BLOCKS = YES;
				GCC_WARN_64_TO_32_BIT_CONVERSION = YES;
				GCC_WARN_ABOUT_RETURN_TYPE = YES_ERROR;
				GCC_WARN_UNDECLARED_SELECTOR = YES;
				GCC_WARN_UNINITIALIZED_AUTOS = YES_AGGRESSIVE;
				GCC_WARN_UNUSED_FUNCTION = YES;
				GCC_WARN_UNUSED_VARIABLE = YES;
				IPHONEOS_DEPLOYMENT_TARGET = 9.1;
				MTL_ENABLE_DEBUG_INFO = NO;
				SDKROOT = iphoneos;
				TARGETED_DEVICE_FAMILY = "1,2";
				VALIDATE_PRODUCT = YES;
			};
			name = Release;
		};
		A4DD85101BE0C21A00ED8616 /* Debug */ = {
			isa = XCBuildConfiguration;
			buildSettings = {
				ASSETCATALOG_COMPILER_APPICON_NAME = AppIcon;
				INFOPLIST_FILE = UsingStoreProduct/Info.plist;
				IPHONEOS_DEPLOYMENT_TARGET = 9.0;
				LD_RUNPATH_SEARCH_PATHS = "$(inherited) @executable_path/Frameworks";
				PRODUCT_BUNDLE_IDENTIFIER = com.pandazheng.UsingStoreProduct;
				PRODUCT_NAME = "$(TARGET_NAME)";
			};
			name = Debug;
		};
		A4DD85111BE0C21A00ED8616 /* Release */ = {
			isa = XCBuildConfiguration;
			buildSettings = {
				ASSETCATALOG_COMPILER_APPICON_NAME = AppIcon;
				INFOPLIST_FILE = UsingStoreProduct/Info.plist;
				IPHONEOS_DEPLOYMENT_TARGET = 9.0;
				LD_RUNPATH_SEARCH_PATHS = "$(inherited) @executable_path/Frameworks";
				PRODUCT_BUNDLE_IDENTIFIER = com.pandazheng.UsingStoreProduct;
				PRODUCT_NAME = "$(TARGET_NAME)";
			};
			name = Release;
		};
/* End XCBuildConfiguration section */

/* Begin XCConfigurationList section */
		A4DD84F31BE0C21A00ED8616 /* Build configuration list for PBXProject "UsingStoreProduct" */ = {
			isa = XCConfigurationList;
			buildConfigurations = (
				A4DD850D1BE0C21A00ED8616 /* Debug */,
				A4DD850E1BE0C21A00ED8616 /* Release */,
			);
			defaultConfigurationIsVisible = 0;
			defaultConfigurationName = Release;
		};
		A4DD850F1BE0C21A00ED8616 /* Build configuration list for PBXNativeTarget "UsingStoreProduct" */ = {
			isa = XCConfigurationList;
			buildConfigurations = (
				A4DD85101BE0C21A00ED8616 /* Debug */,
				A4DD85111BE0C21A00ED8616 /* Release */,
			);
			defaultConfigurationIsVisible = 0;
		};
/* End XCConfigurationList section */
	};
	rootObject = A4DD84F01BE0C21A00ED8616 /* Project object */;
}
